
Microsoft Visual Studio Solution File, Format Version 12.00
# Visual Studio Version 17
VisualStudioVersion = 17.12.35707.178
MinimumVisualStudioVersion = 10.0.40219.1
<<<<<<< HEAD
Project("{9A19103F-16F7-4668-BE54-9A1E7A4F7556}") = "FLearning.PaymentService", "FLearning.PaymentService\FLearning.PaymentService.csproj", "{993625AE-51E8-46F2-8087-1EDF8FFB3A04}"
EndProject
Project("{9A19103F-16F7-4668-BE54-9A1E7A4F7556}") = "FLearning.EnrollmentService", "FLearning.EnrollmentService\FLearning.EnrollmentService.csproj", "{7EA2A5CD-AA5E-4288-8A2D-C8AFB16D7816}"
EndProject
Project("{9A19103F-16F7-4668-BE54-9A1E7A4F7556}") = "AuthenticationService", "..\AuthenticationService\AuthenticationService\AuthenticationService.csproj", "{11F7FFEE-D80E-44CA-9101-E7E7E3FEC73A}"
EndProject
Project("{9A19103F-16F7-4668-BE54-9A1E7A4F7556}") = "CourseManagementService", "..\CourseManagementService\CourseManagementService\CourseManagementService.csproj", "{C798FC8A-7139-4800-AF02-EAC90B5DB8BD}"
EndProject
Project("{FAE04EC0-301F-11D3-BF4B-00C04F79EFBC}") = "SharedLibrary", "SharedLibrary\SharedLibrary.csproj", "{3143A23F-ADF8-48EC-9E67-A3BAB7D23D4F}"
=======

>>>>>>> main
EndProject
Global
	GlobalSection(SolutionConfigurationPlatforms) = preSolution
		Debug|Any CPU = Debug|Any CPU
		Release|Any CPU = Release|Any CPU
	EndGlobalSection
	GlobalSection(ProjectConfigurationPlatforms) = postSolution
<<<<<<< HEAD
		{993625AE-51E8-46F2-8087-1EDF8FFB3A04}.Debug|Any CPU.ActiveCfg = Debug|Any CPU
		{993625AE-51E8-46F2-8087-1EDF8FFB3A04}.Debug|Any CPU.Build.0 = Debug|Any CPU
		{993625AE-51E8-46F2-8087-1EDF8FFB3A04}.Release|Any CPU.ActiveCfg = Release|Any CPU
		{993625AE-51E8-46F2-8087-1EDF8FFB3A04}.Release|Any CPU.Build.0 = Release|Any CPU
		{7EA2A5CD-AA5E-4288-8A2D-C8AFB16D7816}.Debug|Any CPU.ActiveCfg = Debug|Any CPU
		{7EA2A5CD-AA5E-4288-8A2D-C8AFB16D7816}.Debug|Any CPU.Build.0 = Debug|Any CPU
		{7EA2A5CD-AA5E-4288-8A2D-C8AFB16D7816}.Release|Any CPU.ActiveCfg = Release|Any CPU
		{7EA2A5CD-AA5E-4288-8A2D-C8AFB16D7816}.Release|Any CPU.Build.0 = Release|Any CPU
		{11F7FFEE-D80E-44CA-9101-E7E7E3FEC73A}.Debug|Any CPU.ActiveCfg = Debug|Any CPU
		{11F7FFEE-D80E-44CA-9101-E7E7E3FEC73A}.Debug|Any CPU.Build.0 = Debug|Any CPU
		{11F7FFEE-D80E-44CA-9101-E7E7E3FEC73A}.Release|Any CPU.ActiveCfg = Release|Any CPU
		{11F7FFEE-D80E-44CA-9101-E7E7E3FEC73A}.Release|Any CPU.Build.0 = Release|Any CPU
		{C798FC8A-7139-4800-AF02-EAC90B5DB8BD}.Debug|Any CPU.ActiveCfg = Debug|Any CPU
		{C798FC8A-7139-4800-AF02-EAC90B5DB8BD}.Debug|Any CPU.Build.0 = Debug|Any CPU
		{C798FC8A-7139-4800-AF02-EAC90B5DB8BD}.Release|Any CPU.ActiveCfg = Release|Any CPU
		{C798FC8A-7139-4800-AF02-EAC90B5DB8BD}.Release|Any CPU.Build.0 = Release|Any CPU
		{3143A23F-ADF8-48EC-9E67-A3BAB7D23D4F}.Debug|Any CPU.ActiveCfg = Debug|Any CPU
		{3143A23F-ADF8-48EC-9E67-A3BAB7D23D4F}.Debug|Any CPU.Build.0 = Debug|Any CPU
		{3143A23F-ADF8-48EC-9E67-A3BAB7D23D4F}.Release|Any CPU.ActiveCfg = Release|Any CPU
		{3143A23F-ADF8-48EC-9E67-A3BAB7D23D4F}.Release|Any CPU.Build.0 = Release|Any CPU
=======

>>>>>>> main
	EndGlobalSection
	GlobalSection(SolutionProperties) = preSolution
		HideSolutionNode = FALSE
	EndGlobalSection
	GlobalSection(ExtensibilityGlobals) = postSolution
		SolutionGuid = {E1B4E995-D3C4-4C0D-A0F5-8581A84765C2}
	EndGlobalSection
EndGlobal
